
Microsoft Visual Studio Solution File, Format Version 12.00
# Visual Studio Version 17
VisualStudioVersion = 17.9.34622.214
MinimumVisualStudioVersion = 10.0.40219.1
Project("{9A19103F-16F7-4668-BE54-9A1E7A4F7556}") = "hiberify", "webmusic-solved\hiberify.csproj", "{C174F531-56EF-4613-9DA3-0519F32C93EF}"
EndProject
Project("{9A19103F-16F7-4668-BE54-9A1E7A4F7556}") = "tests_hiberify", "Test1\tests_hiberify.csproj", "{9ABBAA1C-02FE-4F39-A1AF-DFB20FD013C7}"
EndProject
Global
	GlobalSection(SolutionConfigurationPlatforms) = preSolution
		Debug|Any CPU = Debug|Any CPU
		Release|Any CPU = Release|Any CPU
	EndGlobalSection
	GlobalSection(ProjectConfigurationPlatforms) = postSolution
		{C174F531-56EF-4613-9DA3-0519F32C93EF}.Debug|Any CPU.ActiveCfg = Debug|Any CPU
		{C174F531-56EF-4613-9DA3-0519F32C93EF}.Debug|Any CPU.Build.0 = Debug|Any CPU
		{C174F531-56EF-4613-9DA3-0519F32C93EF}.Release|Any CPU.ActiveCfg = Release|Any CPU
		{C174F531-56EF-4613-9DA3-0519F32C93EF}.Release|Any CPU.Build.0 = Release|Any CPU
		{9ABBAA1C-02FE-4F39-A1AF-DFB20FD013C7}.Debug|Any CPU.ActiveCfg = Debug|Any CPU
		{9ABBAA1C-02FE-4F39-A1AF-DFB20FD013C7}.Debug|Any CPU.Build.0 = Debug|Any CPU
		{9ABBAA1C-02FE-4F39-A1AF-DFB20FD013C7}.Release|Any CPU.ActiveCfg = Release|Any CPU
		{9ABBAA1C-02FE-4F39-A1AF-DFB20FD013C7}.Release|Any CPU.Build.0 = Release|Any CPU
	EndGlobalSection
	GlobalSection(SolutionProperties) = preSolution
		HideSolutionNode = FALSE
	EndGlobalSection
	GlobalSection(ExtensibilityGlobals) = postSolution
		SolutionGuid = {EC9E850A-DF14-4D86-9329-989774104E57}
	EndGlobalSection
EndGlobal
